
Microsoft Visual Studio Solution File, Format Version 12.00
# Visual Studio Version 16
VisualStudioVersion = 16.0.30717.126
MinimumVisualStudioVersion = 10.0.40219.1
Project("{FAE04EC0-301F-11D3-BF4B-00C04F79EFBC}") = "RecordStore", "RecordStore\RecordStore.csproj", "{5ADFF0AD-8750-4AE3-BCA4-346FAF28DBEB}"
EndProject
Global
	GlobalSection(SolutionConfigurationPlatforms) = preSolution
		Debug|Any CPU = Debug|Any CPU
		Release|Any CPU = Release|Any CPU
	EndGlobalSection
	GlobalSection(ProjectConfigurationPlatforms) = postSolution
		{5ADFF0AD-8750-4AE3-BCA4-346FAF28DBEB}.Debug|Any CPU.ActiveCfg = Debug|Any CPU
		{5ADFF0AD-8750-4AE3-BCA4-346FAF28DBEB}.Debug|Any CPU.Build.0 = Debug|Any CPU
		{5ADFF0AD-8750-4AE3-BCA4-346FAF28DBEB}.Release|Any CPU.ActiveCfg = Release|Any CPU
		{5ADFF0AD-8750-4AE3-BCA4-346FAF28DBEB}.Release|Any CPU.Build.0 = Release|Any CPU
	EndGlobalSection
	GlobalSection(SolutionProperties) = preSolution
		HideSolutionNode = FALSE
	EndGlobalSection
	GlobalSection(ExtensibilityGlobals) = postSolution
		SolutionGuid = {FA6A6A0C-408F-437F-92A5-58B4E47F23C8}
	EndGlobalSection
EndGlobal
